
Microsoft Visual Studio Solution File, Format Version 12.00
# Visual Studio Version 17
VisualStudioVersion = 17.12.35506.116 d17.12
MinimumVisualStudioVersion = 10.0.40219.1
Project("{FAE04EC0-301F-11D3-BF4B-00C04F79EFBC}") = "clases", "clases\clases.csproj", "{F58CB373-937F-4FEB-BA8A-A3ABDC6877BD}"
EndProject
Project("{FAE04EC0-301F-11D3-BF4B-00C04F79EFBC}") = "06libPedidos", "06libPedidos\06libPedidos.csproj", "{5876B4BA-6946-4293-ABE2-AF1C54C6D8DD}"
EndProject
Global
	GlobalSection(SolutionConfigurationPlatforms) = preSolution
		Debug|Any CPU = Debug|Any CPU
		Release|Any CPU = Release|Any CPU
	EndGlobalSection
	GlobalSection(ProjectConfigurationPlatforms) = postSolution
		{F58CB373-937F-4FEB-BA8A-A3ABDC6877BD}.Debug|Any CPU.ActiveCfg = Debug|Any CPU
		{F58CB373-937F-4FEB-BA8A-A3ABDC6877BD}.Debug|Any CPU.Build.0 = Debug|Any CPU
		{F58CB373-937F-4FEB-BA8A-A3ABDC6877BD}.Release|Any CPU.ActiveCfg = Release|Any CPU
		{F58CB373-937F-4FEB-BA8A-A3ABDC6877BD}.Release|Any CPU.Build.0 = Release|Any CPU
		{5876B4BA-6946-4293-ABE2-AF1C54C6D8DD}.Debug|Any CPU.ActiveCfg = Debug|Any CPU
		{5876B4BA-6946-4293-ABE2-AF1C54C6D8DD}.Debug|Any CPU.Build.0 = Debug|Any CPU
		{5876B4BA-6946-4293-ABE2-AF1C54C6D8DD}.Release|Any CPU.ActiveCfg = Release|Any CPU
		{5876B4BA-6946-4293-ABE2-AF1C54C6D8DD}.Release|Any CPU.Build.0 = Release|Any CPU
	EndGlobalSection
	GlobalSection(SolutionProperties) = preSolution
		HideSolutionNode = FALSE
	EndGlobalSection
EndGlobal
